
Microsoft Visual Studio Solution File, Format Version 12.00
# Visual Studio Version 17
VisualStudioVersion = 17.3.32929.385
MinimumVisualStudioVersion = 10.0.40219.1
Project("{9A19103F-16F7-4668-BE54-9A1E7A4F7556}") = "lab2.2", "lab2.2\lab2.2.csproj", "{2331BEDD-6C50-4D08-A3FC-660CDFA01F76}"
EndProject
Project("{9A19103F-16F7-4668-BE54-9A1E7A4F7556}") = "Interfaces", "Interfaces\Interfaces.csproj", "{617BF258-E541-4BD0-A52E-DF274B61C89F}"
EndProject
Project("{9A19103F-16F7-4668-BE54-9A1E7A4F7556}") = "Tests", "Tests\Tests.csproj", "{25DA3B8F-877F-4910-AE1B-654E72CAADB6}"
EndProject
Project("{9A19103F-16F7-4668-BE54-9A1E7A4F7556}") = "One", "One\One.csproj", "{2D0915EE-57AE-4767-8193-317835FA891B}"
EndProject
Project("{9A19103F-16F7-4668-BE54-9A1E7A4F7556}") = "Two", "Two\Two.csproj", "{C042DC5D-8B1F-4FC9-9DA2-7F36B9F90602}"
EndProject
Global
	GlobalSection(SolutionConfigurationPlatforms) = preSolution
		Debug|Any CPU = Debug|Any CPU
		Release|Any CPU = Release|Any CPU
	EndGlobalSection
	GlobalSection(ProjectConfigurationPlatforms) = postSolution
		{2331BEDD-6C50-4D08-A3FC-660CDFA01F76}.Debug|Any CPU.ActiveCfg = Debug|Any CPU
		{2331BEDD-6C50-4D08-A3FC-660CDFA01F76}.Debug|Any CPU.Build.0 = Debug|Any CPU
		{2331BEDD-6C50-4D08-A3FC-660CDFA01F76}.Release|Any CPU.ActiveCfg = Release|Any CPU
		{2331BEDD-6C50-4D08-A3FC-660CDFA01F76}.Release|Any CPU.Build.0 = Release|Any CPU
		{617BF258-E541-4BD0-A52E-DF274B61C89F}.Debug|Any CPU.ActiveCfg = Debug|Any CPU
		{617BF258-E541-4BD0-A52E-DF274B61C89F}.Debug|Any CPU.Build.0 = Debug|Any CPU
		{617BF258-E541-4BD0-A52E-DF274B61C89F}.Release|Any CPU.ActiveCfg = Release|Any CPU
		{617BF258-E541-4BD0-A52E-DF274B61C89F}.Release|Any CPU.Build.0 = Release|Any CPU
		{25DA3B8F-877F-4910-AE1B-654E72CAADB6}.Debug|Any CPU.ActiveCfg = Debug|Any CPU
		{25DA3B8F-877F-4910-AE1B-654E72CAADB6}.Debug|Any CPU.Build.0 = Debug|Any CPU
		{25DA3B8F-877F-4910-AE1B-654E72CAADB6}.Release|Any CPU.ActiveCfg = Release|Any CPU
		{25DA3B8F-877F-4910-AE1B-654E72CAADB6}.Release|Any CPU.Build.0 = Release|Any CPU
		{2D0915EE-57AE-4767-8193-317835FA891B}.Debug|Any CPU.ActiveCfg = Debug|Any CPU
		{2D0915EE-57AE-4767-8193-317835FA891B}.Debug|Any CPU.Build.0 = Debug|Any CPU
		{2D0915EE-57AE-4767-8193-317835FA891B}.Release|Any CPU.ActiveCfg = Release|Any CPU
		{2D0915EE-57AE-4767-8193-317835FA891B}.Release|Any CPU.Build.0 = Release|Any CPU
		{C042DC5D-8B1F-4FC9-9DA2-7F36B9F90602}.Debug|Any CPU.ActiveCfg = Debug|Any CPU
		{C042DC5D-8B1F-4FC9-9DA2-7F36B9F90602}.Debug|Any CPU.Build.0 = Debug|Any CPU
		{C042DC5D-8B1F-4FC9-9DA2-7F36B9F90602}.Release|Any CPU.ActiveCfg = Release|Any CPU
		{C042DC5D-8B1F-4FC9-9DA2-7F36B9F90602}.Release|Any CPU.Build.0 = Release|Any CPU
	EndGlobalSection
	GlobalSection(SolutionProperties) = preSolution
		HideSolutionNode = FALSE
	EndGlobalSection
	GlobalSection(ExtensibilityGlobals) = postSolution
		SolutionGuid = {239134E2-43AF-4529-9C3B-484D0BA1BEC8}
	EndGlobalSection
EndGlobal
